
Microsoft Visual Studio Solution File, Format Version 12.00
# Visual Studio Version 16
VisualStudioVersion = 16.0.29728.190
MinimumVisualStudioVersion = 10.0.40219.1
Project("{FAE04EC0-301F-11D3-BF4B-00C04F79EFBC}") = "MongoCRUDdemo", "MongoCRUDdemo\MongoCRUDdemo.csproj", "{91BC33B3-5FDF-4349-8A8F-AB41F33728FF}"
EndProject
Global
	GlobalSection(SolutionConfigurationPlatforms) = preSolution
		Debug|Any CPU = Debug|Any CPU
		Release|Any CPU = Release|Any CPU
	EndGlobalSection
	GlobalSection(ProjectConfigurationPlatforms) = postSolution
		{91BC33B3-5FDF-4349-8A8F-AB41F33728FF}.Debug|Any CPU.ActiveCfg = Debug|Any CPU
		{91BC33B3-5FDF-4349-8A8F-AB41F33728FF}.Debug|Any CPU.Build.0 = Debug|Any CPU
		{91BC33B3-5FDF-4349-8A8F-AB41F33728FF}.Release|Any CPU.ActiveCfg = Release|Any CPU
		{91BC33B3-5FDF-4349-8A8F-AB41F33728FF}.Release|Any CPU.Build.0 = Release|Any CPU
	EndGlobalSection
	GlobalSection(SolutionProperties) = preSolution
		HideSolutionNode = FALSE
	EndGlobalSection
	GlobalSection(ExtensibilityGlobals) = postSolution
		SolutionGuid = {8F3D97DF-993B-4578-88E6-A2133DE25D9D}
	EndGlobalSection
EndGlobal
